# THIS IS AN AUTOGENERATED FILE. DO NOT EDIT THIS FILE DIRECTLY.
# yarn lockfile v1


oxide.ts@^1.1.0:
  version "1.1.0"
  resolved "https://registry.yarnpkg.com/oxide.ts/-/oxide.ts-1.1.0.tgz#591205d2d31270a95c677a61985a795443470e19"
  integrity sha512-+MkqFRQVHEe/x4/cJ6KuYz2m2VpnoBi7aKLbttGYTxmpNZalQ2RbKH2HxyfsTqXJhjh9DYxulPWfQV/hWMmzCg==
